github.com/ali-mukhamed-palitaev/brainfuck-interpreter-go v0.0.0-20220517161644-dc94279f3d45 h1:ukrzxLcuAMy+kM5qnNrw0OCJVcsCNJwh4VtkcAkwm4k=
github.com/ali-mukhamed-palitaev/brainfuck-interpreter-go v0.0.0-20220517161644-dc94279f3d45/go.mod h1:P4Np5q/NjTzMMb08RB6IBJwganDQh5gegqoiwLpWSNU=
github.com/ali-mukhamed-palitaev/brainfuck-interpreter-go v0.0.0-20220517172307-e895096639e2 h1:+cCUhLFJzYMQhe2Ebw2D8NdiLYPmJSYlwCpRgWrot6A=
github.com/ali-mukhamed-palitaev/brainfuck-interpreter-go v0.0.0-20220517172307-e895096639e2/go.mod h1:2jhJXzfgGykdWSCoUWq/dAJeuOecbyR9eebY3iN6/X4=
github.com/ali-mukhamed-palitaev/brainfuck-interpreter-go v0.0.0-20220517173826-a92ef61aa0f0 h1:cFDfrVjOv4Ppzsu2ROemEACLMBIdAX5ZE/gC73Ti1so=
github.com/ali-mukhamed-palitaev/brainfuck-interpreter-go v0.0.0-20220517173826-a92ef61aa0f0/go.mod h1:2jhJXzfgGykdWSCoUWq/dAJeuOecbyR9eebY3iN6/X4=
